// !$*UTF8*$!
{
	archiveVersion = 1;
	classes = {
	};
	objectVersion = 50;
	objects = {

/* Begin PBXBuildFile section */
		194706EA26C191AC0079AD59 /* AppDelegate.swift in Sources */ = {isa = PBXBuildFile; fileRef = 194706E926C191AC0079AD59 /* AppDelegate.swift */; };
		194706EC26C191AC0079AD59 /* SceneDelegate.swift in Sources */ = {isa = PBXBuildFile; fileRef = 194706EB26C191AC0079AD59 /* SceneDelegate.swift */; };
		194706EE26C191AC0079AD59 /* ViewController.swift in Sources */ = {isa = PBXBuildFile; fileRef = 194706ED26C191AC0079AD59 /* ViewController.swift */; };
		194706F126C191AC0079AD59 /* Main.storyboard in Resources */ = {isa = PBXBuildFile; fileRef = 194706EF26C191AC0079AD59 /* Main.storyboard */; };
		194706F626C191AD0079AD59 /* LaunchScreen.storyboard in Resources */ = {isa = PBXBuildFile; fileRef = 194706F426C191AD0079AD59 /* LaunchScreen.storyboard */; };
		1947070126C191AD0079AD59 /* WeatherTodayTests.swift in Sources */ = {isa = PBXBuildFile; fileRef = 1947070026C191AD0079AD59 /* WeatherTodayTests.swift */; };
		1947070C26C191AD0079AD59 /* WeatherTodayUITests.swift in Sources */ = {isa = PBXBuildFile; fileRef = 1947070B26C191AD0079AD59 /* WeatherTodayUITests.swift */; };
		1947071A26C299380079AD59 /* Country.swift in Sources */ = {isa = PBXBuildFile; fileRef = 1947071926C299380079AD59 /* Country.swift */; };
		1947071C26C2B74E0079AD59 /* Assets.xcassets in Resources */ = {isa = PBXBuildFile; fileRef = 1947071B26C2B74D0079AD59 /* Assets.xcassets */; };
		1947071E26C2C17F0079AD59 /* CityListViewController.swift in Sources */ = {isa = PBXBuildFile; fileRef = 1947071D26C2C17F0079AD59 /* CityListViewController.swift */; };
		1947072026C2DF380079AD59 /* CityTableViewCell.swift in Sources */ = {isa = PBXBuildFile; fileRef = 1947071F26C2DF380079AD59 /* CityTableViewCell.swift */; };
		1947072226C2E14D0079AD59 /* WeatherData.swift in Sources */ = {isa = PBXBuildFile; fileRef = 1947072126C2E14D0079AD59 /* WeatherData.swift */; };
		1947072426C3E2A20079AD59 /* DetailWeatherViewController.swift in Sources */ = {isa = PBXBuildFile; fileRef = 1947072326C3E2A20079AD59 /* DetailWeatherViewController.swift */; };
		1947072626C412DB0079AD59 /* Simulator Screen Recording - iPhone 12 - 2021-08-11 at 23.13.57.gif in Resources */ = {isa = PBXBuildFile; fileRef = 1947072526C412DB0079AD59 /* Simulator Screen Recording - iPhone 12 - 2021-08-11 at 23.13.57.gif */; };
/* End PBXBuildFile section */

/* Begin PBXContainerItemProxy section */
		194706FD26C191AD0079AD59 /* PBXContainerItemProxy */ = {
			isa = PBXContainerItemProxy;
			containerPortal = 194706DE26C191AC0079AD59 /* Project object */;
			proxyType = 1;
			remoteGlobalIDString = 194706E526C191AC0079AD59;
			remoteInfo = WeatherToday;
		};
		1947070826C191AD0079AD59 /* PBXContainerItemProxy */ = {
			isa = PBXContainerItemProxy;
			containerPortal = 194706DE26C191AC0079AD59 /* Project object */;
			proxyType = 1;
			remoteGlobalIDString = 194706E526C191AC0079AD59;
			remoteInfo = WeatherToday;
		};
/* End PBXContainerItemProxy section */

/* Begin PBXFileReference section */
		194706E626C191AC0079AD59 /* WeatherToday.app */ = {isa = PBXFileReference; explicitFileType = wrapper.application; includeInIndex = 0; path = WeatherToday.app; sourceTree = BUILT_PRODUCTS_DIR; };
		194706E926C191AC0079AD59 /* AppDelegate.swift */ = {isa = PBXFileReference; lastKnownFileType = sourcecode.swift; path = AppDelegate.swift; sourceTree = "<group>"; };
		194706EB26C191AC0079AD59 /* SceneDelegate.swift */ = {isa = PBXFileReference; lastKnownFileType = sourcecode.swift; path = SceneDelegate.swift; sourceTree = "<group>"; };
		194706ED26C191AC0079AD59 /* ViewController.swift */ = {isa = PBXFileReference; lastKnownFileType = sourcecode.swift; path = ViewController.swift; sourceTree = "<group>"; };
		194706F026C191AC0079AD59 /* Base */ = {isa = PBXFileReference; lastKnownFileType = file.storyboard; name = Base; path = Base.lproj/Main.storyboard; sourceTree = "<group>"; };
		194706F526C191AD0079AD59 /* Base */ = {isa = PBXFileReference; lastKnownFileType = file.storyboard; name = Base; path = Base.lproj/LaunchScreen.storyboard; sourceTree = "<group>"; };
		194706F726C191AD0079AD59 /* Info.plist */ = {isa = PBXFileReference; lastKnownFileType = text.plist.xml; path = Info.plist; sourceTree = "<group>"; };
		194706FC26C191AD0079AD59 /* WeatherTodayTests.xctest */ = {isa = PBXFileReference; explicitFileType = wrapper.cfbundle; includeInIndex = 0; path = WeatherTodayTests.xctest; sourceTree = BUILT_PRODUCTS_DIR; };
		1947070026C191AD0079AD59 /* WeatherTodayTests.swift */ = {isa = PBXFileReference; lastKnownFileType = sourcecode.swift; path = WeatherTodayTests.swift; sourceTree = "<group>"; };
		1947070226C191AD0079AD59 /* Info.plist */ = {isa = PBXFileReference; lastKnownFileType = text.plist.xml; path = Info.plist; sourceTree = "<group>"; };
		1947070726C191AD0079AD59 /* WeatherTodayUITests.xctest */ = {isa = PBXFileReference; explicitFileType = wrapper.cfbundle; includeInIndex = 0; path = WeatherTodayUITests.xctest; sourceTree = BUILT_PRODUCTS_DIR; };
		1947070B26C191AD0079AD59 /* WeatherTodayUITests.swift */ = {isa = PBXFileReference; lastKnownFileType = sourcecode.swift; path = WeatherTodayUITests.swift; sourceTree = "<group>"; };
		1947070D26C191AD0079AD59 /* Info.plist */ = {isa = PBXFileReference; lastKnownFileType = text.plist.xml; path = Info.plist; sourceTree = "<group>"; };
		1947071926C299380079AD59 /* Country.swift */ = {isa = PBXFileReference; lastKnownFileType = sourcecode.swift; path = Country.swift; sourceTree = "<group>"; };
		1947071B26C2B74D0079AD59 /* Assets.xcassets */ = {isa = PBXFileReference; lastKnownFileType = folder.assetcatalog; path = Assets.xcassets; sourceTree = "<group>"; };
		1947071D26C2C17F0079AD59 /* CityListViewController.swift */ = {isa = PBXFileReference; lastKnownFileType = sourcecode.swift; path = CityListViewController.swift; sourceTree = "<group>"; };
		1947071F26C2DF380079AD59 /* CityTableViewCell.swift */ = {isa = PBXFileReference; lastKnownFileType = sourcecode.swift; path = CityTableViewCell.swift; sourceTree = "<group>"; };
		1947072126C2E14D0079AD59 /* WeatherData.swift */ = {isa = PBXFileReference; lastKnownFileType = sourcecode.swift; path = WeatherData.swift; sourceTree = "<group>"; };
		1947072326C3E2A20079AD59 /* DetailWeatherViewController.swift */ = {isa = PBXFileReference; lastKnownFileType = sourcecode.swift; path = DetailWeatherViewController.swift; sourceTree = "<group>"; };
		1947072526C412DB0079AD59 /* Simulator Screen Recording - iPhone 12 - 2021-08-11 at 23.13.57.gif */ = {isa = PBXFileReference; lastKnownFileType = image.gif; path = "Simulator Screen Recording - iPhone 12 - 2021-08-11 at 23.13.57.gif"; sourceTree = "<group>"; };
/* End PBXFileReference section */

/* Begin PBXFrameworksBuildPhase section */
		194706E326C191AC0079AD59 /* Frameworks */ = {
			isa = PBXFrameworksBuildPhase;
			buildActionMask = 2147483647;
			files = (
			);
			runOnlyForDeploymentPostprocessing = 0;
		};
		194706F926C191AD0079AD59 /* Frameworks */ = {
			isa = PBXFrameworksBuildPhase;
			buildActionMask = 2147483647;
			files = (
			);
			runOnlyForDeploymentPostprocessing = 0;
		};
		1947070426C191AD0079AD59 /* Frameworks */ = {
			isa = PBXFrameworksBuildPhase;
			buildActionMask = 2147483647;
			files = (
			);
			runOnlyForDeploymentPostprocessing = 0;
		};
/* End PBXFrameworksBuildPhase section */

/* Begin PBXGroup section */
		194706DD26C191AC0079AD59 = {
			isa = PBXGroup;
			children = (
				1947072526C412DB0079AD59 /* Simulator Screen Recording - iPhone 12 - 2021-08-11 at 23.13.57.gif */,
				194706E826C191AC0079AD59 /* WeatherToday */,
				194706FF26C191AD0079AD59 /* WeatherTodayTests */,
				1947070A26C191AD0079AD59 /* WeatherTodayUITests */,
				194706E726C191AC0079AD59 /* Products */,
			);
			sourceTree = "<group>";
		};
		194706E726C191AC0079AD59 /* Products */ = {
			isa = PBXGroup;
			children = (
				194706E626C191AC0079AD59 /* WeatherToday.app */,
				194706FC26C191AD0079AD59 /* WeatherTodayTests.xctest */,
				1947070726C191AD0079AD59 /* WeatherTodayUITests.xctest */,
			);
			name = Products;
			sourceTree = "<group>";
		};
		194706E826C191AC0079AD59 /* WeatherToday */ = {
			isa = PBXGroup;
			children = (
				194706E926C191AC0079AD59 /* AppDelegate.swift */,
				194706EB26C191AC0079AD59 /* SceneDelegate.swift */,
				194706ED26C191AC0079AD59 /* ViewController.swift */,
				1947071D26C2C17F0079AD59 /* CityListViewController.swift */,
				1947071F26C2DF380079AD59 /* CityTableViewCell.swift */,
				1947072326C3E2A20079AD59 /* DetailWeatherViewController.swift */,
				194706EF26C191AC0079AD59 /* Main.storyboard */,
				194706F426C191AD0079AD59 /* LaunchScreen.storyboard */,
				1947071926C299380079AD59 /* Country.swift */,
				1947071B26C2B74D0079AD59 /* Assets.xcassets */,
				1947072126C2E14D0079AD59 /* WeatherData.swift */,
				194706F726C191AD0079AD59 /* Info.plist */,
			);
			path = WeatherToday;
			sourceTree = "<group>";
		};
		194706FF26C191AD0079AD59 /* WeatherTodayTests */ = {
			isa = PBXGroup;
			children = (
				1947070026C191AD0079AD59 /* WeatherTodayTests.swift */,
				1947070226C191AD0079AD59 /* Info.plist */,
			);
			path = WeatherTodayTests;
			sourceTree = "<group>";
		};
		1947070A26C191AD0079AD59 /* WeatherTodayUITests */ = {
			isa = PBXGroup;
			children = (
				1947070B26C191AD0079AD59 /* WeatherTodayUITests.swift */,
				1947070D26C191AD0079AD59 /* Info.plist */,
			);
			path = WeatherTodayUITests;
			sourceTree = "<group>";
		};
/* End PBXGroup section */

/* Begin PBXNativeTarget section */
		194706E526C191AC0079AD59 /* WeatherToday */ = {
			isa = PBXNativeTarget;
			buildConfigurationList = 1947071026C191AD0079AD59 /* Build configuration list for PBXNativeTarget "WeatherToday" */;
			buildPhases = (
				194706E226C191AC0079AD59 /* Sources */,
				194706E326C191AC0079AD59 /* Frameworks */,
				194706E426C191AC0079AD59 /* Resources */,
			);
			buildRules = (
			);
			dependencies = (
			);
			name = WeatherToday;
			productName = WeatherToday;
			productReference = 194706E626C191AC0079AD59 /* WeatherToday.app */;
			productType = "com.apple.product-type.application";
		};
		194706FB26C191AD0079AD59 /* WeatherTodayTests */ = {
			isa = PBXNativeTarget;
			buildConfigurationList = 1947071326C191AD0079AD59 /* Build configuration list for PBXNativeTarget "WeatherTodayTests" */;
			buildPhases = (
				194706F826C191AD0079AD59 /* Sources */,
				194706F926C191AD0079AD59 /* Frameworks */,
				194706FA26C191AD0079AD59 /* Resources */,
			);
			buildRules = (
			);
			dependencies = (
				194706FE26C191AD0079AD59 /* PBXTargetDependency */,
			);
			name = WeatherTodayTests;
			productName = WeatherTodayTests;
			productReference = 194706FC26C191AD0079AD59 /* WeatherTodayTests.xctest */;
			productType = "com.apple.product-type.bundle.unit-test";
		};
		1947070626C191AD0079AD59 /* WeatherTodayUITests */ = {
			isa = PBXNativeTarget;
			buildConfigurationList = 1947071626C191AD0079AD59 /* Build configuration list for PBXNativeTarget "WeatherTodayUITests" */;
			buildPhases = (
				1947070326C191AD0079AD59 /* Sources */,
				1947070426C191AD0079AD59 /* Frameworks */,
				1947070526C191AD0079AD59 /* Resources */,
			);
			buildRules = (
			);
			dependencies = (
				1947070926C191AD0079AD59 /* PBXTargetDependency */,
			);
			name = WeatherTodayUITests;
			productName = WeatherTodayUITests;
			productReference = 1947070726C191AD0079AD59 /* WeatherTodayUITests.xctest */;
			productType = "com.apple.product-type.bundle.ui-testing";
		};
/* End PBXNativeTarget section */

/* Begin PBXProject section */
		194706DE26C191AC0079AD59 /* Project object */ = {
			isa = PBXProject;
			attributes = {
				LastSwiftUpdateCheck = 1250;
				LastUpgradeCheck = 1250;
				TargetAttributes = {
					194706E526C191AC0079AD59 = {
						CreatedOnToolsVersion = 12.5.1;
					};
					194706FB26C191AD0079AD59 = {
						CreatedOnToolsVersion = 12.5.1;
						TestTargetID = 194706E526C191AC0079AD59;
					};
					1947070626C191AD0079AD59 = {
						CreatedOnToolsVersion = 12.5.1;
						TestTargetID = 194706E526C191AC0079AD59;
					};
				};
			};
			buildConfigurationList = 194706E126C191AC0079AD59 /* Build configuration list for PBXProject "WeatherToday" */;
			compatibilityVersion = "Xcode 9.3";
			developmentRegion = en;
			hasScannedForEncodings = 0;
			knownRegions = (
				en,
				Base,
			);
			mainGroup = 194706DD26C191AC0079AD59;
			productRefGroup = 194706E726C191AC0079AD59 /* Products */;
			projectDirPath = "";
			projectRoot = "";
			targets = (
				194706E526C191AC0079AD59 /* WeatherToday */,
				194706FB26C191AD0079AD59 /* WeatherTodayTests */,
				1947070626C191AD0079AD59 /* WeatherTodayUITests */,
			);
		};
/* End PBXProject section */

/* Begin PBXResourcesBuildPhase section */
		194706E426C191AC0079AD59 /* Resources */ = {
			isa = PBXResourcesBuildPhase;
			buildActionMask = 2147483647;
			files = (
				194706F626C191AD0079AD59 /* LaunchScreen.storyboard in Resources */,
				1947071C26C2B74E0079AD59 /* Assets.xcassets in Resources */,
				194706F126C191AC0079AD59 /* Main.storyboard in Resources */,
				1947072626C412DB0079AD59 /* Simulator Screen Recording - iPhone 12 - 2021-08-11 at 23.13.57.gif in Resources */,
			);
			runOnlyForDeploymentPostprocessing = 0;
		};
		194706FA26C191AD0079AD59 /* Resources */ = {
			isa = PBXResourcesBuildPhase;
			buildActionMask = 2147483647;
			files = (
			);
			runOnlyForDeploymentPostprocessing = 0;
		};
		1947070526C191AD0079AD59 /* Resources */ = {
			isa = PBXResourcesBuildPhase;
			buildActionMask = 2147483647;
			files = (
			);
			runOnlyForDeploymentPostprocessing = 0;
		};
/* End PBXResourcesBuildPhase section */

/* Begin PBXSourcesBuildPhase section */
		194706E226C191AC0079AD59 /* Sources */ = {
			isa = PBXSourcesBuildPhase;
			buildActionMask = 2147483647;
			files = (
				194706EE26C191AC0079AD59 /* ViewController.swift in Sources */,
				194706EA26C191AC0079AD59 /* AppDelegate.swift in Sources */,
				1947072426C3E2A20079AD59 /* DetailWeatherViewController.swift in Sources */,
				1947071A26C299380079AD59 /* Country.swift in Sources */,
				1947071E26C2C17F0079AD59 /* CityListViewController.swift in Sources */,
				1947072026C2DF380079AD59 /* CityTableViewCell.swift in Sources */,
				194706EC26C191AC0079AD59 /* SceneDelegate.swift in Sources */,
				1947072226C2E14D0079AD59 /* WeatherData.swift in Sources */,
			);
			runOnlyForDeploymentPostprocessing = 0;
		};
		194706F826C191AD0079AD59 /* Sources */ = {
			isa = PBXSourcesBuildPhase;
			buildActionMask = 2147483647;
			files = (
				1947070126C191AD0079AD59 /* WeatherTodayTests.swift in Sources */,
			);
			runOnlyForDeploymentPostprocessing = 0;
		};
		1947070326C191AD0079AD59 /* Sources */ = {
			isa = PBXSourcesBuildPhase;
			buildActionMask = 2147483647;
			files = (
				1947070C26C191AD0079AD59 /* WeatherTodayUITests.swift in Sources */,
			);
			runOnlyForDeploymentPostprocessing = 0;
		};
/* End PBXSourcesBuildPhase section */

/* Begin PBXTargetDependency section */
		194706FE26C191AD0079AD59 /* PBXTargetDependency */ = {
			isa = PBXTargetDependency;
			target = 194706E526C191AC0079AD59 /* WeatherToday */;
			targetProxy = 194706FD26C191AD0079AD59 /* PBXContainerItemProxy */;
		};
		1947070926C191AD0079AD59 /* PBXTargetDependency */ = {
			isa = PBXTargetDependency;
			target = 194706E526C191AC0079AD59 /* WeatherToday */;
			targetProxy = 1947070826C191AD0079AD59 /* PBXContainerItemProxy */;
		};
/* End PBXTargetDependency section */

/* Begin PBXVariantGroup section */
		194706EF26C191AC0079AD59 /* Main.storyboard */ = {
			isa = PBXVariantGroup;
			children = (
				194706F026C191AC0079AD59 /* Base */,
			);
			name = Main.storyboard;
			sourceTree = "<group>";
		};
		194706F426C191AD0079AD59 /* LaunchScreen.storyboard */ = {
			isa = PBXVariantGroup;
			children = (
				194706F526C191AD0079AD59 /* Base */,
			);
			name = LaunchScreen.storyboard;
			sourceTree = "<group>";
		};
/* End PBXVariantGroup section */

/* Begin XCBuildConfiguration section */
		1947070E26C191AD0079AD59 /* Debug */ = {
			isa = XCBuildConfiguration;
			buildSettings = {
				ALWAYS_SEARCH_USER_PATHS = NO;
				CLANG_ANALYZER_NONNULL = YES;
				CLANG_ANALYZER_NUMBER_OBJECT_CONVERSION = YES_AGGRESSIVE;
				CLANG_CXX_LANGUAGE_STANDARD = "gnu++14";
				CLANG_CXX_LIBRARY = "libc++";
				CLANG_ENABLE_MODULES = YES;
				CLANG_ENABLE_OBJC_ARC = YES;
				CLANG_ENABLE_OBJC_WEAK = YES;
				CLANG_WARN_BLOCK_CAPTURE_AUTORELEASING = YES;
				CLANG_WARN_BOOL_CONVERSION = YES;
				CLANG_WARN_COMMA = YES;
				CLANG_WARN_CONSTANT_CONVERSION = YES;
				CLANG_WARN_DEPRECATED_OBJC_IMPLEMENTATIONS = YES;
				CLANG_WARN_DIRECT_OBJC_ISA_USAGE = YES_ERROR;
				CLANG_WARN_DOCUMENTATION_COMMENTS = YES;
				CLANG_WARN_EMPTY_BODY = YES;
				CLANG_WARN_ENUM_CONVERSION = YES;
				CLANG_WARN_INFINITE_RECURSION = YES;
				CLANG_WARN_INT_CONVERSION = YES;
				CLANG_WARN_NON_LITERAL_NULL_CONVERSION = YES;
				CLANG_WARN_OBJC_IMPLICIT_RETAIN_SELF = YES;
				CLANG_WARN_OBJC_LITERAL_CONVERSION = YES;
				CLANG_WARN_OBJC_ROOT_CLASS = YES_ERROR;
				CLANG_WARN_QUOTED_INCLUDE_IN_FRAMEWORK_HEADER = YES;
				CLANG_WARN_RANGE_LOOP_ANALYSIS = YES;
				CLANG_WARN_STRICT_PROTOTYPES = YES;
				CLANG_WARN_SUSPICIOUS_MOVE = YES;
				CLANG_WARN_UNGUARDED_AVAILABILITY = YES_AGGRESSIVE;
				CLANG_WARN_UNREACHABLE_CODE = YES;
				CLANG_WARN__DUPLICATE_METHOD_MATCH = YES;
				COPY_PHASE_STRIP = NO;
				DEBUG_INFORMATION_FORMAT = dwarf;
				ENABLE_STRICT_OBJC_MSGSEND = YES;
				ENABLE_TESTABILITY = YES;
				GCC_C_LANGUAGE_STANDARD = gnu11;
				GCC_DYNAMIC_NO_PIC = NO;
				GCC_NO_COMMON_BLOCKS = YES;
				GCC_OPTIMIZATION_LEVEL = 0;
				GCC_PREPROCESSOR_DEFINITIONS = (
					"DEBUG=1",
					"$(inherited)",
				);
				GCC_WARN_64_TO_32_BIT_CONVERSION = YES;
				GCC_WARN_ABOUT_RETURN_TYPE = YES_ERROR;
				GCC_WARN_UNDECLARED_SELECTOR = YES;
				GCC_WARN_UNINITIALIZED_AUTOS = YES_AGGRESSIVE;
				GCC_WARN_UNUSED_FUNCTION = YES;
				GCC_WARN_UNUSED_VARIABLE = YES;
				IPHONEOS_DEPLOYMENT_TARGET = 14.5;
				MTL_ENABLE_DEBUG_INFO = INCLUDE_SOURCE;
				MTL_FAST_MATH = YES;
				ONLY_ACTIVE_ARCH = YES;
				SDKROOT = iphoneos;
				SWIFT_ACTIVE_COMPILATION_CONDITIONS = DEBUG;
				SWIFT_OPTIMIZATION_LEVEL = "-Onone";
			};
			name = Debug;
		};
		1947070F26C191AD0079AD59 /* Release */ = {
			isa = XCBuildConfiguration;
			buildSettings = {
				ALWAYS_SEARCH_USER_PATHS = NO;
				CLANG_ANALYZER_NONNULL = YES;
				CLANG_ANALYZER_NUMBER_OBJECT_CONVERSION = YES_AGGRESSIVE;
				CLANG_CXX_LANGUAGE_STANDARD = "gnu++14";
				CLANG_CXX_LIBRARY = "libc++";
				CLANG_ENABLE_MODULES = YES;
				CLANG_ENABLE_OBJC_ARC = YES;
				CLANG_ENABLE_OBJC_WEAK = YES;
				CLANG_WARN_BLOCK_CAPTURE_AUTORELEASING = YES;
				CLANG_WARN_BOOL_CONVERSION = YES;
				CLANG_WARN_COMMA = YES;
				CLANG_WARN_CONSTANT_CONVERSION = YES;
				CLANG_WARN_DEPRECATED_OBJC_IMPLEMENTATIONS = YES;
				CLANG_WARN_DIRECT_OBJC_ISA_USAGE = YES_ERROR;
				CLANG_WARN_DOCUMENTATION_COMMENTS = YES;
				CLANG_WARN_EMPTY_BODY = YES;
				CLANG_WARN_ENUM_CONVERSION = YES;
				CLANG_WARN_INFINITE_RECURSION = YES;
				CLANG_WARN_INT_CONVERSION = YES;
				CLANG_WARN_NON_LITERAL_NULL_CONVERSION = YES;
				CLANG_WARN_OBJC_IMPLICIT_RETAIN_SELF = YES;
				CLANG_WARN_OBJC_LITERAL_CONVERSION = YES;
				CLANG_WARN_OBJC_ROOT_CLASS = YES_ERROR;
				CLANG_WARN_QUOTED_INCLUDE_IN_FRAMEWORK_HEADER = YES;
				CLANG_WARN_RANGE_LOOP_ANALYSIS = YES;
				CLANG_WARN_STRICT_PROTOTYPES = YES;
				CLANG_WARN_SUSPICIOUS_MOVE = YES;
				CLANG_WARN_UNGUARDED_AVAILABILITY = YES_AGGRESSIVE;
				CLANG_WARN_UNREACHABLE_CODE = YES;
				CLANG_WARN__DUPLICATE_METHOD_MATCH = YES;
				COPY_PHASE_STRIP = NO;
				DEBUG_INFORMATION_FORMAT = "dwarf-with-dsym";
				ENABLE_NS_ASSERTIONS = NO;
				ENABLE_STRICT_OBJC_MSGSEND = YES;
				GCC_C_LANGUAGE_STANDARD = gnu11;
				GCC_NO_COMMON_BLOCKS = YES;
				GCC_WARN_64_TO_32_BIT_CONVERSION = YES;
				GCC_WARN_ABOUT_RETURN_TYPE = YES_ERROR;
				GCC_WARN_UNDECLARED_SELECTOR = YES;
				GCC_WARN_UNINITIALIZED_AUTOS = YES_AGGRESSIVE;
				GCC_WARN_UNUSED_FUNCTION = YES;
				GCC_WARN_UNUSED_VARIABLE = YES;
				IPHONEOS_DEPLOYMENT_TARGET = 14.5;
				MTL_ENABLE_DEBUG_INFO = NO;
				MTL_FAST_MATH = YES;
				SDKROOT = iphoneos;
				SWIFT_COMPILATION_MODE = wholemodule;
				SWIFT_OPTIMIZATION_LEVEL = "-O";
				VALIDATE_PRODUCT = YES;
			};
			name = Release;
		};
		1947071126C191AD0079AD59 /* Debug */ = {
			isa = XCBuildConfiguration;
			buildSettings = {
				ASSETCATALOG_COMPILER_APPICON_NAME = AppIcon;
				ASSETCATALOG_COMPILER_GLOBAL_ACCENT_COLOR_NAME = AccentColor;
				CODE_SIGN_STYLE = Automatic;
				DEVELOPMENT_TEAM = K2VAN9GH96;
				INFOPLIST_FILE = WeatherToday/Info.plist;
				LD_RUNPATH_SEARCH_PATHS = (
					"$(inherited)",
					"@executable_path/Frameworks",
				);
				PRODUCT_BUNDLE_IDENTIFIER = com.loinsir.WeatherToday;
				PRODUCT_NAME = "$(TARGET_NAME)";
				SWIFT_VERSION = 5.0;
				TARGETED_DEVICE_FAMILY = "1,2";
			};
			name = Debug;
		};
		1947071226C191AD0079AD59 /* Release */ = {
			isa = XCBuildConfiguration;
			buildSettings = {
				ASSETCATALOG_COMPILER_APPICON_NAME = AppIcon;
				ASSETCATALOG_COMPILER_GLOBAL_ACCENT_COLOR_NAME = AccentColor;
				CODE_SIGN_STYLE = Automatic;
				DEVELOPMENT_TEAM = K2VAN9GH96;
				INFOPLIST_FILE = WeatherToday/Info.plist;
				LD_RUNPATH_SEARCH_PATHS = (
					"$(inherited)",
					"@executable_path/Frameworks",
				);
				PRODUCT_BUNDLE_IDENTIFIER = com.loinsir.WeatherToday;
				PRODUCT_NAME = "$(TARGET_NAME)";
				SWIFT_VERSION = 5.0;
				TARGETED_DEVICE_FAMILY = "1,2";
			};
			name = Release;
		};
		1947071426C191AD0079AD59 /* Debug */ = {
			isa = XCBuildConfiguration;
			buildSettings = {
				ALWAYS_EMBED_SWIFT_STANDARD_LIBRARIES = YES;
				BUNDLE_LOADER = "$(TEST_HOST)";
				CODE_SIGN_STYLE = Automatic;
				DEVELOPMENT_TEAM = K2VAN9GH96;
				INFOPLIST_FILE = WeatherTodayTests/Info.plist;
				IPHONEOS_DEPLOYMENT_TARGET = 14.5;
				LD_RUNPATH_SEARCH_PATHS = (
					"$(inherited)",
					"@executable_path/Frameworks",
					"@loader_path/Frameworks",
				);
				PRODUCT_BUNDLE_IDENTIFIER = com.loinsir.WeatherTodayTests;
				PRODUCT_NAME = "$(TARGET_NAME)";
				SWIFT_VERSION = 5.0;
				TARGETED_DEVICE_FAMILY = "1,2";
				TEST_HOST = "$(BUILT_PRODUCTS_DIR)/WeatherToday.app/WeatherToday";
			};
			name = Debug;
		};
		1947071526C191AD0079AD59 /* Release */ = {
			isa = XCBuildConfiguration;
			buildSettings = {
				ALWAYS_EMBED_SWIFT_STANDARD_LIBRARIES = YES;
				BUNDLE_LOADER = "$(TEST_HOST)";
				CODE_SIGN_STYLE = Automatic;
				DEVELOPMENT_TEAM = K2VAN9GH96;
				INFOPLIST_FILE = WeatherTodayTests/Info.plist;
				IPHONEOS_DEPLOYMENT_TARGET = 14.5;
				LD_RUNPATH_SEARCH_PATHS = (
					"$(inherited)",
					"@executable_path/Frameworks",
					"@loader_path/Frameworks",
				);
				PRODUCT_BUNDLE_IDENTIFIER = com.loinsir.WeatherTodayTests;
				PRODUCT_NAME = "$(TARGET_NAME)";
				SWIFT_VERSION = 5.0;
				TARGETED_DEVICE_FAMILY = "1,2";
				TEST_HOST = "$(BUILT_PRODUCTS_DIR)/WeatherToday.app/WeatherToday";
			};
			name = Release;
		};
		1947071726C191AD0079AD59 /* Debug */ = {
			isa = XCBuildConfiguration;
			buildSettings = {
				ALWAYS_EMBED_SWIFT_STANDARD_LIBRARIES = YES;
				CODE_SIGN_STYLE = Automatic;
				DEVELOPMENT_TEAM = K2VAN9GH96;
				INFOPLIST_FILE = WeatherTodayUITests/Info.plist;
				LD_RUNPATH_SEARCH_PATHS = (
					"$(inherited)",
					"@executable_path/Frameworks",
					"@loader_path/Frameworks",
				);
				PRODUCT_BUNDLE_IDENTIFIER = com.loinsir.WeatherTodayUITests;
				PRODUCT_NAME = "$(TARGET_NAME)";
				SWIFT_VERSION = 5.0;
				TARGETED_DEVICE_FAMILY = "1,2";
				TEST_TARGET_NAME = WeatherToday;
			};
			name = Debug;
		};
		1947071826C191AD0079AD59 /* Release */ = {
			isa = XCBuildConfiguration;
			buildSettings = {
				ALWAYS_EMBED_SWIFT_STANDARD_LIBRARIES = YES;
				CODE_SIGN_STYLE = Automatic;
				DEVELOPMENT_TEAM = K2VAN9GH96;
				INFOPLIST_FILE = WeatherTodayUITests/Info.plist;
				LD_RUNPATH_SEARCH_PATHS = (
					"$(inherited)",
					"@executable_path/Frameworks",
					"@loader_path/Frameworks",
				);
				PRODUCT_BUNDLE_IDENTIFIER = com.loinsir.WeatherTodayUITests;
				PRODUCT_NAME = "$(TARGET_NAME)";
				SWIFT_VERSION = 5.0;
				TARGETED_DEVICE_FAMILY = "1,2";
				TEST_TARGET_NAME = WeatherToday;
			};
			name = Release;
		};
/* End XCBuildConfiguration section */

/* Begin XCConfigurationList section */
		194706E126C191AC0079AD59 /* Build configuration list for PBXProject "WeatherToday" */ = {
			isa = XCConfigurationList;
			buildConfigurations = (
				1947070E26C191AD0079AD59 /* Debug */,
				1947070F26C191AD0079AD59 /* Release */,
			);
			defaultConfigurationIsVisible = 0;
			defaultConfigurationName = Release;
		};
		1947071026C191AD0079AD59 /* Build configuration list for PBXNativeTarget "WeatherToday" */ = {
			isa = XCConfigurationList;
			buildConfigurations = (
				1947071126C191AD0079AD59 /* Debug */,
				1947071226C191AD0079AD59 /* Release */,
			);
			defaultConfigurationIsVisible = 0;
			defaultConfigurationName = Release;
		};
		1947071326C191AD0079AD59 /* Build configuration list for PBXNativeTarget "WeatherTodayTests" */ = {
			isa = XCConfigurationList;
			buildConfigurations = (
				1947071426C191AD0079AD59 /* Debug */,
				1947071526C191AD0079AD59 /* Release */,
			);
			defaultConfigurationIsVisible = 0;
			defaultConfigurationName = Release;
		};
		1947071626C191AD0079AD59 /* Build configuration list for PBXNativeTarget "WeatherTodayUITests" */ = {
			isa = XCConfigurationList;
			buildConfigurations = (
				1947071726C191AD0079AD59 /* Debug */,
				1947071826C191AD0079AD59 /* Release */,
			);
			defaultConfigurationIsVisible = 0;
			defaultConfigurationName = Release;
		};
/* End XCConfigurationList section */
	};
	rootObject = 194706DE26C191AC0079AD59 /* Project object */;
}
